{
  "pins" : [
    {
      "identity" : "bigintkit",
      "kind" : "remoteSourceControl",
      "location" : "https://github.com/vinidiktov/BigIntKit.git",
      "state" : {
        "revision" : "46ea3d4be50b198468f14f899753e58d85be7499"
      }
    },
    {
      "identity" : "ordereddictionarykit",
      "kind" : "remoteSourceControl",
      "location" : "https://github.com/vinidiktov/OrderedDictionaryKit.git",
      "state" : {
        "revision" : "e80bab83da7ac298c848bbec657c576a7260d8c0"
      }
    },
    {
      "identity" : "potentcodables",
      "kind" : "remoteSourceControl",
      "location" : "https://github.com/vinidiktov/PotentCodables.git",
      "state" : {
        "revision" : "84e10aefa6218b3e9c1de29c98b64882257b5828"
      }
    },
    {
      "identity" : "regexkit",
      "kind" : "remoteSourceControl",
      "location" : "https://github.com/vinidiktov/RegexKit.git",
      "state" : {
        "revision" : "e31bd88a752478d3fb1f019e4fb53f3d6f9696ff"
      }
    }
  ],
  "version" : 2
}
